// !$*UTF8*$!
{
	archiveVersion = 1;
	classes = {
	};
	objectVersion = 77;
	objects = {

/* Begin PBXBuildFile section */
		D47DAD292F9B519700BCED7C /* MLX in Frameworks */ = {isa = PBXBuildFile; productRef = D47DAD282F9B519700BCED7C /* MLX */; };
		D47DAD2B2F9B519700BCED7C /* MLXFast in Frameworks */ = {isa = PBXBuildFile; productRef = D47DAD2A2F9B519700BCED7C /* MLXFast */; };
		D47DAD2D2F9B519700BCED7C /* MLXFFT in Frameworks */ = {isa = PBXBuildFile; productRef = D47DAD2C2F9B519700BCED7C /* MLXFFT */; };
		D47DAD2F2F9B519700BCED7C /* MLXLinalg in Frameworks */ = {isa = PBXBuildFile; productRef = D47DAD2E2F9B519700BCED7C /* MLXLinalg */; };
		D47DAD312F9B519700BCED7C /* MLXNN in Frameworks */ = {isa = PBXBuildFile; productRef = D47DAD302F9B519700BCED7C /* MLXNN */; };
		D47DAD332F9B519700BCED7C /* MLXOptimizers in Frameworks */ = {isa = PBXBuildFile; productRef = D47DAD322F9B519700BCED7C /* MLXOptimizers */; };
		D47DAD352F9B519700BCED7C /* MLXRandom in Frameworks */ = {isa = PBXBuildFile; productRef = D47DAD342F9B519700BCED7C /* MLXRandom */; };
		D47DAD372F9B519700BCED7C /* BenchmarkHelpers in Frameworks */ = {isa = PBXBuildFile; productRef = D47DAD362F9B519700BCED7C /* BenchmarkHelpers */; };
		D47DAD392F9B519700BCED7C /* IntegrationTestHelpers in Frameworks */ = {isa = PBXBuildFile; productRef = D47DAD382F9B519700BCED7C /* IntegrationTestHelpers */; };
		D47DAD3B2F9B519700BCED7C /* MLXEmbedders in Frameworks */ = {isa = PBXBuildFile; productRef = D47DAD3A2F9B519700BCED7C /* MLXEmbedders */; };
		D47DAD3D2F9B519700BCED7C /* MLXHuggingFace in Frameworks */ = {isa = PBXBuildFile; productRef = D47DAD3C2F9B519700BCED7C /* MLXHuggingFace */; };
		D47DAD3F2F9B519700BCED7C /* MLXLLM in Frameworks */ = {isa = PBXBuildFile; productRef = D47DAD3E2F9B519700BCED7C /* MLXLLM */; };
		D47DAD412F9B519700BCED7C /* MLXLMCommon in Frameworks */ = {isa = PBXBuildFile; productRef = D47DAD402F9B519700BCED7C /* MLXLMCommon */; };
		D47DAD432F9B519700BCED7C /* MLXVLM in Frameworks */ = {isa = PBXBuildFile; productRef = D47DAD422F9B519700BCED7C /* MLXVLM */; };
		D47DAD462F9B582500BCED7C /* Hub in Frameworks */ = {isa = PBXBuildFile; productRef = D47DAD452F9B582500BCED7C /* Hub */; };
		D47DAD482F9B582600BCED7C /* Tokenizers in Frameworks */ = {isa = PBXBuildFile; productRef = D47DAD472F9B582600BCED7C /* Tokenizers */; };
		D47DAD4A2F9B582600BCED7C /* Transformers in Frameworks */ = {isa = PBXBuildFile; productRef = D47DAD492F9B582600BCED7C /* Transformers */; };
		D47DAD4C2F9B5CAA00BCED7C /* Llama-3.2-3B-Instruct-4bit in Resources */ = {isa = PBXBuildFile; fileRef = D47DAD4B2F9B5CAA00BCED7C /* Llama-3.2-3B-Instruct-4bit */; };
/* End PBXBuildFile section */

/* Begin PBXFileReference section */
		D47DAC6E2F9B452400BCED7C /* bee-voice-assistant.app */ = {isa = PBXFileReference; explicitFileType = wrapper.application; includeInIndex = 0; path = "bee-voice-assistant.app"; sourceTree = BUILT_PRODUCTS_DIR; };
		D47DAD4B2F9B5CAA00BCED7C /* Llama-3.2-3B-Instruct-4bit */ = {isa = PBXFileReference; lastKnownFileType = folder; name = "Llama-3.2-3B-Instruct-4bit"; path = "bee-voice-assistant/Llama-3.2-3B-Instruct-4bit"; sourceTree = "<group>"; };
/* End PBXFileReference section */

/* Begin PBXFileSystemSynchronizedBuildFileExceptionSet section */
		D47DAD4E2F9B5E6600BCED7C /* Exceptions for "bee-voice-assistant" folder in "bee-voice-assistant" target */ = {
			isa = PBXFileSystemSynchronizedBuildFileExceptionSet;
			membershipExceptions = (
				Info.plist,
			);
			target = D47DAC6D2F9B452400BCED7C /* bee-voice-assistant */;
		};
/* End PBXFileSystemSynchronizedBuildFileExceptionSet section */

/* Begin PBXFileSystemSynchronizedRootGroup section */
		D47DAC702F9B452400BCED7C /* bee-voice-assistant */ = {
			isa = PBXFileSystemSynchronizedRootGroup;
			exceptions = (
				D47DAD4E2F9B5E6600BCED7C /* Exceptions for "bee-voice-assistant" folder in "bee-voice-assistant" target */,
			);
			path = "bee-voice-assistant";
			sourceTree = "<group>";
		};
/* End PBXFileSystemSynchronizedRootGroup section */

/* Begin PBXFrameworksBuildPhase section */
		D47DAC6B2F9B452400BCED7C /* Frameworks */ = {
			isa = PBXFrameworksBuildPhase;
			buildActionMask = 2147483647;
			files = (
				D47DAD3F2F9B519700BCED7C /* MLXLLM in Frameworks */,
				D47DAD332F9B519700BCED7C /* MLXOptimizers in Frameworks */,
				D47DAD392F9B519700BCED7C /* IntegrationTestHelpers in Frameworks */,
				D47DAD4A2F9B582600BCED7C /* Transformers in Frameworks */,
				D47DAD2B2F9B519700BCED7C /* MLXFast in Frameworks */,
				D47DAD2F2F9B519700BCED7C /* MLXLinalg in Frameworks */,
				D47DAD3D2F9B519700BCED7C /* MLXHuggingFace in Frameworks */,
				D47DAD462F9B582500BCED7C /* Hub in Frameworks */,
				D47DAD3B2F9B519700BCED7C /* MLXEmbedders in Frameworks */,
				D47DAD482F9B582600BCED7C /* Tokenizers in Frameworks */,
				D47DAD292F9B519700BCED7C /* MLX in Frameworks */,
				D47DAD312F9B519700BCED7C /* MLXNN in Frameworks */,
				D47DAD2D2F9B519700BCED7C /* MLXFFT in Frameworks */,
				D47DAD432F9B519700BCED7C /* MLXVLM in Frameworks */,
				D47DAD372F9B519700BCED7C /* BenchmarkHelpers in Frameworks */,
				D47DAD352F9B519700BCED7C /* MLXRandom in Frameworks */,
				D47DAD412F9B519700BCED7C /* MLXLMCommon in Frameworks */,
			);
			runOnlyForDeploymentPostprocessing = 0;
		};
/* End PBXFrameworksBuildPhase section */

/* Begin PBXGroup section */
		D47DAC652F9B452400BCED7C = {
			isa = PBXGroup;
			children = (
				D47DAD4B2F9B5CAA00BCED7C /* Llama-3.2-3B-Instruct-4bit */,
				D47DAC702F9B452400BCED7C /* bee-voice-assistant */,
				D47DAD272F9B519700BCED7C /* Frameworks */,
				D47DAC6F2F9B452400BCED7C /* Products */,
			);
			sourceTree = "<group>";
		};
		D47DAC6F2F9B452400BCED7C /* Products */ = {
			isa = PBXGroup;
			children = (
				D47DAC6E2F9B452400BCED7C /* bee-voice-assistant.app */,
			);
			name = Products;
			sourceTree = "<group>";
		};
		D47DAD272F9B519700BCED7C /* Frameworks */ = {
			isa = PBXGroup;
			children = (
			);
			name = Frameworks;
			sourceTree = "<group>";
		};
/* End PBXGroup section */

/* Begin PBXNativeTarget section */
		D47DAC6D2F9B452400BCED7C /* bee-voice-assistant */ = {
			isa = PBXNativeTarget;
			buildConfigurationList = D47DAC792F9B452800BCED7C /* Build configuration list for PBXNativeTarget "bee-voice-assistant" */;
			buildPhases = (
				D47DAC6A2F9B452400BCED7C /* Sources */,
				D47DAC6B2F9B452400BCED7C /* Frameworks */,
				D47DAC6C2F9B452400BCED7C /* Resources */,
			);
			buildRules = (
			);
			dependencies = (
			);
			fileSystemSynchronizedGroups = (
				D47DAC702F9B452400BCED7C /* bee-voice-assistant */,
			);
			name = "bee-voice-assistant";
			packageProductDependencies = (
				D47DAD282F9B519700BCED7C /* MLX */,
				D47DAD2A2F9B519700BCED7C /* MLXFast */,
				D47DAD2C2F9B519700BCED7C /* MLXFFT */,
				D47DAD2E2F9B519700BCED7C /* MLXLinalg */,
				D47DAD302F9B519700BCED7C /* MLXNN */,
				D47DAD322F9B519700BCED7C /* MLXOptimizers */,
				D47DAD342F9B519700BCED7C /* MLXRandom */,
				D47DAD362F9B519700BCED7C /* BenchmarkHelpers */,
				D47DAD382F9B519700BCED7C /* IntegrationTestHelpers */,
				D47DAD3A2F9B519700BCED7C /* MLXEmbedders */,
				D47DAD3C2F9B519700BCED7C /* MLXHuggingFace */,
				D47DAD3E2F9B519700BCED7C /* MLXLLM */,
				D47DAD402F9B519700BCED7C /* MLXLMCommon */,
				D47DAD422F9B519700BCED7C /* MLXVLM */,
				D47DAD452F9B582500BCED7C /* Hub */,
				D47DAD472F9B582600BCED7C /* Tokenizers */,
				D47DAD492F9B582600BCED7C /* Transformers */,
			);
			productName = "bee-voice-assistant";
			productReference = D47DAC6E2F9B452400BCED7C /* bee-voice-assistant.app */;
			productType = "com.apple.product-type.application";
		};
/* End PBXNativeTarget section */

/* Begin PBXProject section */
		D47DAC662F9B452400BCED7C /* Project object */ = {
			isa = PBXProject;
			attributes = {
				BuildIndependentTargetsInParallel = 1;
				LastSwiftUpdateCheck = 2640;
				LastUpgradeCheck = 2640;
				TargetAttributes = {
					D47DAC6D2F9B452400BCED7C = {
						CreatedOnToolsVersion = 26.4;
					};
				};
			};
			buildConfigurationList = D47DAC692F9B452400BCED7C /* Build configuration list for PBXProject "bee-voice-assistant" */;
			developmentRegion = en;
			hasScannedForEncodings = 0;
			knownRegions = (
				en,
				Base,
			);
			mainGroup = D47DAC652F9B452400BCED7C;
			minimizedProjectReferenceProxies = 1;
			packageReferences = (
				D47DACED2F9B491D00BCED7C /* XCRemoteSwiftPackageReference "mlx-swift" */,
				D47DAD262F9B4EE500BCED7C /* XCRemoteSwiftPackageReference "mlx-swift-lm" */,
				D47DAD442F9B582500BCED7C /* XCRemoteSwiftPackageReference "swift-transformers" */,
			);
			preferredProjectObjectVersion = 77;
			productRefGroup = D47DAC6F2F9B452400BCED7C /* Products */;
			projectDirPath = "";
			projectRoot = "";
			targets = (
				D47DAC6D2F9B452400BCED7C /* bee-voice-assistant */,
			);
		};
/* End PBXProject section */

/* Begin PBXResourcesBuildPhase section */
		D47DAC6C2F9B452400BCED7C /* Resources */ = {
			isa = PBXResourcesBuildPhase;
			buildActionMask = 2147483647;
			files = (
				D47DAD4C2F9B5CAA00BCED7C /* Llama-3.2-3B-Instruct-4bit in Resources */,
			);
			runOnlyForDeploymentPostprocessing = 0;
		};
/* End PBXResourcesBuildPhase section */

/* Begin PBXSourcesBuildPhase section */
		D47DAC6A2F9B452400BCED7C /* Sources */ = {
			isa = PBXSourcesBuildPhase;
			buildActionMask = 2147483647;
			files = (
			);
			runOnlyForDeploymentPostprocessing = 0;
		};
/* End PBXSourcesBuildPhase section */

/* Begin XCBuildConfiguration section */
		D47DAC772F9B452800BCED7C /* Debug */ = {
			isa = XCBuildConfiguration;
			buildSettings = {
				ALWAYS_SEARCH_USER_PATHS = NO;
				ASSETCATALOG_COMPILER_GENERATE_SWIFT_ASSET_SYMBOL_EXTENSIONS = YES;
				CLANG_ANALYZER_NONNULL = YES;
				CLANG_ANALYZER_NUMBER_OBJECT_CONVERSION = YES_AGGRESSIVE;
				CLANG_CXX_LANGUAGE_STANDARD = "gnu++20";
				CLANG_ENABLE_MODULES = YES;
				CLANG_ENABLE_OBJC_ARC = YES;
				CLANG_ENABLE_OBJC_WEAK = YES;
				CLANG_WARN_BLOCK_CAPTURE_AUTORELEASING = YES;
				CLANG_WARN_BOOL_CONVERSION = YES;
				CLANG_WARN_COMMA = YES;
				CLANG_WARN_CONSTANT_CONVERSION = YES;
				CLANG_WARN_DEPRECATED_OBJC_IMPLEMENTATIONS = YES;
				CLANG_WARN_DIRECT_OBJC_ISA_USAGE = YES_ERROR;
				CLANG_WARN_DOCUMENTATION_COMMENTS = YES;
				CLANG_WARN_EMPTY_BODY = YES;
				CLANG_WARN_ENUM_CONVERSION = YES;
				CLANG_WARN_INFINITE_RECURSION = YES;
				CLANG_WARN_INT_CONVERSION = YES;
				CLANG_WARN_NON_LITERAL_NULL_CONVERSION = YES;
				CLANG_WARN_OBJC_IMPLICIT_RETAIN_SELF = YES;
				CLANG_WARN_OBJC_LITERAL_CONVERSION = YES;
				CLANG_WARN_OBJC_ROOT_CLASS = YES_ERROR;
				CLANG_WARN_QUOTED_INCLUDE_IN_FRAMEWORK_HEADER = YES;
				CLANG_WARN_RANGE_LOOP_ANALYSIS = YES;
				CLANG_WARN_STRICT_PROTOTYPES = YES;
				CLANG_WARN_SUSPICIOUS_MOVE = YES;
				CLANG_WARN_UNGUARDED_AVAILABILITY = YES_AGGRESSIVE;
				CLANG_WARN_UNREACHABLE_CODE = YES;
				CLANG_WARN__DUPLICATE_METHOD_MATCH = YES;
				COPY_PHASE_STRIP = NO;
				DEBUG_INFORMATION_FORMAT = dwarf;
				DEVELOPMENT_TEAM = 46CLU399UY;
				ENABLE_STRICT_OBJC_MSGSEND = YES;
				ENABLE_TESTABILITY = YES;
				ENABLE_USER_SCRIPT_SANDBOXING = YES;
				GCC_C_LANGUAGE_STANDARD = gnu17;
				GCC_DYNAMIC_NO_PIC = NO;
				GCC_NO_COMMON_BLOCKS = YES;
				GCC_OPTIMIZATION_LEVEL = 0;
				GCC_PREPROCESSOR_DEFINITIONS = (
					"DEBUG=1",
					"$(inherited)",
				);
				GCC_WARN_64_TO_32_BIT_CONVERSION = YES;
				GCC_WARN_ABOUT_RETURN_TYPE = YES_ERROR;
				GCC_WARN_UNDECLARED_SELECTOR = YES;
				GCC_WARN_UNINITIALIZED_AUTOS = YES_AGGRESSIVE;
				GCC_WARN_UNUSED_FUNCTION = YES;
				GCC_WARN_UNUSED_VARIABLE = YES;
				LOCALIZATION_PREFERS_STRING_CATALOGS = YES;
				MTL_ENABLE_DEBUG_INFO = INCLUDE_SOURCE;
				MTL_FAST_MATH = YES;
				ONLY_ACTIVE_ARCH = YES;
				SWIFT_ACTIVE_COMPILATION_CONDITIONS = "DEBUG $(inherited)";
				SWIFT_OPTIMIZATION_LEVEL = "-Onone";
			};
			name = Debug;
		};
		D47DAC782F9B452800BCED7C /* Release */ = {
			isa = XCBuildConfiguration;
			buildSettings = {
				ALWAYS_SEARCH_USER_PATHS = NO;
				ASSETCATALOG_COMPILER_GENERATE_SWIFT_ASSET_SYMBOL_EXTENSIONS = YES;
				CLANG_ANALYZER_NONNULL = YES;
				CLANG_ANALYZER_NUMBER_OBJECT_CONVERSION = YES_AGGRESSIVE;
				CLANG_CXX_LANGUAGE_STANDARD = "gnu++20";
				CLANG_ENABLE_MODULES = YES;
				CLANG_ENABLE_OBJC_ARC = YES;
				CLANG_ENABLE_OBJC_WEAK = YES;
				CLANG_WARN_BLOCK_CAPTURE_AUTORELEASING = YES;
				CLANG_WARN_BOOL_CONVERSION = YES;
				CLANG_WARN_COMMA = YES;
				CLANG_WARN_CONSTANT_CONVERSION = YES;
				CLANG_WARN_DEPRECATED_OBJC_IMPLEMENTATIONS = YES;
				CLANG_WARN_DIRECT_OBJC_ISA_USAGE = YES_ERROR;
				CLANG_WARN_DOCUMENTATION_COMMENTS = YES;
				CLANG_WARN_EMPTY_BODY = YES;
				CLANG_WARN_ENUM_CONVERSION = YES;
				CLANG_WARN_INFINITE_RECURSION = YES;
				CLANG_WARN_INT_CONVERSION = YES;
				CLANG_WARN_NON_LITERAL_NULL_CONVERSION = YES;
				CLANG_WARN_OBJC_IMPLICIT_RETAIN_SELF = YES;
				CLANG_WARN_OBJC_LITERAL_CONVERSION = YES;
				CLANG_WARN_OBJC_ROOT_CLASS = YES_ERROR;
				CLANG_WARN_QUOTED_INCLUDE_IN_FRAMEWORK_HEADER = YES;
				CLANG_WARN_RANGE_LOOP_ANALYSIS = YES;
				CLANG_WARN_STRICT_PROTOTYPES = YES;
				CLANG_WARN_SUSPICIOUS_MOVE = YES;
				CLANG_WARN_UNGUARDED_AVAILABILITY = YES_AGGRESSIVE;
				CLANG_WARN_UNREACHABLE_CODE = YES;
				CLANG_WARN__DUPLICATE_METHOD_MATCH = YES;
				COPY_PHASE_STRIP = NO;
				DEBUG_INFORMATION_FORMAT = "dwarf-with-dsym";
				DEVELOPMENT_TEAM = 46CLU399UY;
				ENABLE_NS_ASSERTIONS = NO;
				ENABLE_STRICT_OBJC_MSGSEND = YES;
				ENABLE_USER_SCRIPT_SANDBOXING = YES;
				GCC_C_LANGUAGE_STANDARD = gnu17;
				GCC_NO_COMMON_BLOCKS = YES;
				GCC_WARN_64_TO_32_BIT_CONVERSION = YES;
				GCC_WARN_ABOUT_RETURN_TYPE = YES_ERROR;
				GCC_WARN_UNDECLARED_SELECTOR = YES;
				GCC_WARN_UNINITIALIZED_AUTOS = YES_AGGRESSIVE;
				GCC_WARN_UNUSED_FUNCTION = YES;
				GCC_WARN_UNUSED_VARIABLE = YES;
				LOCALIZATION_PREFERS_STRING_CATALOGS = YES;
				MTL_ENABLE_DEBUG_INFO = NO;
				MTL_FAST_MATH = YES;
				SWIFT_COMPILATION_MODE = wholemodule;
			};
			name = Release;
		};
		D47DAC7A2F9B452800BCED7C /* Debug */ = {
			isa = XCBuildConfiguration;
			buildSettings = {
				ASSETCATALOG_COMPILER_APPICON_NAME = AppIcon;
				ASSETCATALOG_COMPILER_GLOBAL_ACCENT_COLOR_NAME = AccentColor;
				CODE_SIGN_STYLE = Automatic;
				CURRENT_PROJECT_VERSION = 1;
				DEVELOPMENT_TEAM = 46CLU399UY;
				ENABLE_APP_SANDBOX = YES;
				ENABLE_HARDENED_RUNTIME = YES;
				ENABLE_PREVIEWS = YES;
				ENABLE_USER_SELECTED_FILES = readonly;
				GENERATE_INFOPLIST_FILE = YES;
				INFOPLIST_FILE = "bee-voice-assistant/Info.plist";
				INFOPLIST_KEY_NSMicrophoneUsageDescription = "We need microphone access to hear your voice queries!";
				INFOPLIST_KEY_NSSpeechRecognitionUsageDescription = "We use speech recognition to convert your voice to text.";
				"INFOPLIST_KEY_UIApplicationSceneManifest_Generation[sdk=iphoneos*]" = YES;
				"INFOPLIST_KEY_UIApplicationSceneManifest_Generation[sdk=iphonesimulator*]" = YES;
				"INFOPLIST_KEY_UIApplicationSupportsIndirectInputEvents[sdk=iphoneos*]" = YES;
				"INFOPLIST_KEY_UIApplicationSupportsIndirectInputEvents[sdk=iphonesimulator*]" = YES;
				"INFOPLIST_KEY_UILaunchScreen_Generation[sdk=iphoneos*]" = YES;
				"INFOPLIST_KEY_UILaunchScreen_Generation[sdk=iphonesimulator*]" = YES;
				"INFOPLIST_KEY_UIStatusBarStyle[sdk=iphoneos*]" = UIStatusBarStyleDefault;
				"INFOPLIST_KEY_UIStatusBarStyle[sdk=iphonesimulator*]" = UIStatusBarStyleDefault;
				INFOPLIST_KEY_UISupportedInterfaceOrientations_iPad = "UIInterfaceOrientationPortrait UIInterfaceOrientationPortraitUpsideDown UIInterfaceOrientationLandscapeLeft UIInterfaceOrientationLandscapeRight";
				INFOPLIST_KEY_UISupportedInterfaceOrientations_iPhone = "UIInterfaceOrientationPortrait UIInterfaceOrientationLandscapeLeft UIInterfaceOrientationLandscapeRight";
				IPHONEOS_DEPLOYMENT_TARGET = 17.6;
				LD_RUNPATH_SEARCH_PATHS = "@executable_path/Frameworks";
				"LD_RUNPATH_SEARCH_PATHS[sdk=macosx*]" = "@executable_path/../Frameworks";
				MACOSX_DEPLOYMENT_TARGET = 26.2;
				MARKETING_VERSION = 1.0;
				PRODUCT_BUNDLE_IDENTIFIER = "com.bee-voice-assistant.com.bee-voice-assistant";
				PRODUCT_NAME = "$(TARGET_NAME)";
				REGISTER_APP_GROUPS = YES;
				SDKROOT = auto;
				STRING_CATALOG_GENERATE_SYMBOLS = YES;
				SUPPORTED_PLATFORMS = "iphoneos iphonesimulator macosx xros xrsimulator";
				SWIFT_APPROACHABLE_CONCURRENCY = YES;
				SWIFT_DEFAULT_ACTOR_ISOLATION = MainActor;
				SWIFT_EMIT_LOC_STRINGS = YES;
				SWIFT_UPCOMING_FEATURE_MEMBER_IMPORT_VISIBILITY = YES;
				SWIFT_VERSION = 5.0;
				TARGETED_DEVICE_FAMILY = "1,2,7";
				XROS_DEPLOYMENT_TARGET = 26.4;
			};
			name = Debug;
		};
		D47DAC7B2F9B452800BCED7C /* Release */ = {
			isa = XCBuildConfiguration;
			buildSettings = {
				ASSETCATALOG_COMPILER_APPICON_NAME = AppIcon;
				ASSETCATALOG_COMPILER_GLOBAL_ACCENT_COLOR_NAME = AccentColor;
				CODE_SIGN_STYLE = Automatic;
				CURRENT_PROJECT_VERSION = 1;
				DEVELOPMENT_TEAM = 46CLU399UY;
				ENABLE_APP_SANDBOX = YES;
				ENABLE_HARDENED_RUNTIME = YES;
				ENABLE_PREVIEWS = YES;
				ENABLE_USER_SELECTED_FILES = readonly;
				GENERATE_INFOPLIST_FILE = YES;
				INFOPLIST_FILE = "bee-voice-assistant/Info.plist";
				INFOPLIST_KEY_NSMicrophoneUsageDescription = "We need microphone access to hear your voice queries!";
				INFOPLIST_KEY_NSSpeechRecognitionUsageDescription = "We use speech recognition to convert your voice to text.";
				"INFOPLIST_KEY_UIApplicationSceneManifest_Generation[sdk=iphoneos*]" = YES;
				"INFOPLIST_KEY_UIApplicationSceneManifest_Generation[sdk=iphonesimulator*]" = YES;
				"INFOPLIST_KEY_UIApplicationSupportsIndirectInputEvents[sdk=iphoneos*]" = YES;
				"INFOPLIST_KEY_UIApplicationSupportsIndirectInputEvents[sdk=iphonesimulator*]" = YES;
				"INFOPLIST_KEY_UILaunchScreen_Generation[sdk=iphoneos*]" = YES;
				"INFOPLIST_KEY_UILaunchScreen_Generation[sdk=iphonesimulator*]" = YES;
				"INFOPLIST_KEY_UIStatusBarStyle[sdk=iphoneos*]" = UIStatusBarStyleDefault;
				"INFOPLIST_KEY_UIStatusBarStyle[sdk=iphonesimulator*]" = UIStatusBarStyleDefault;
				INFOPLIST_KEY_UISupportedInterfaceOrientations_iPad = "UIInterfaceOrientationPortrait UIInterfaceOrientationPortraitUpsideDown UIInterfaceOrientationLandscapeLeft UIInterfaceOrientationLandscapeRight";
				INFOPLIST_KEY_UISupportedInterfaceOrientations_iPhone = "UIInterfaceOrientationPortrait UIInterfaceOrientationLandscapeLeft UIInterfaceOrientationLandscapeRight";
				IPHONEOS_DEPLOYMENT_TARGET = 17.6;
				LD_RUNPATH_SEARCH_PATHS = "@executable_path/Frameworks";
				"LD_RUNPATH_SEARCH_PATHS[sdk=macosx*]" = "@executable_path/../Frameworks";
				MACOSX_DEPLOYMENT_TARGET = 26.2;
				MARKETING_VERSION = 1.0;
				PRODUCT_BUNDLE_IDENTIFIER = "com.bee-voice-assistant.com.bee-voice-assistant";
				PRODUCT_NAME = "$(TARGET_NAME)";
				REGISTER_APP_GROUPS = YES;
				SDKROOT = auto;
				STRING_CATALOG_GENERATE_SYMBOLS = YES;
				SUPPORTED_PLATFORMS = "iphoneos iphonesimulator macosx xros xrsimulator";
				SWIFT_APPROACHABLE_CONCURRENCY = YES;
				SWIFT_DEFAULT_ACTOR_ISOLATION = MainActor;
				SWIFT_EMIT_LOC_STRINGS = YES;
				SWIFT_UPCOMING_FEATURE_MEMBER_IMPORT_VISIBILITY = YES;
				SWIFT_VERSION = 5.0;
				TARGETED_DEVICE_FAMILY = "1,2,7";
				XROS_DEPLOYMENT_TARGET = 26.4;
			};
			name = Release;
		};
/* End XCBuildConfiguration section */

/* Begin XCConfigurationList section */
		D47DAC692F9B452400BCED7C /* Build configuration list for PBXProject "bee-voice-assistant" */ = {
			isa = XCConfigurationList;
			buildConfigurations = (
				D47DAC772F9B452800BCED7C /* Debug */,
				D47DAC782F9B452800BCED7C /* Release */,
			);
			defaultConfigurationIsVisible = 0;
			defaultConfigurationName = Release;
		};
		D47DAC792F9B452800BCED7C /* Build configuration list for PBXNativeTarget "bee-voice-assistant" */ = {
			isa = XCConfigurationList;
			buildConfigurations = (
				D47DAC7A2F9B452800BCED7C /* Debug */,
				D47DAC7B2F9B452800BCED7C /* Release */,
			);
			defaultConfigurationIsVisible = 0;
			defaultConfigurationName = Release;
		};
/* End XCConfigurationList section */

/* Begin XCRemoteSwiftPackageReference section */
		D47DACED2F9B491D00BCED7C /* XCRemoteSwiftPackageReference "mlx-swift" */ = {
			isa = XCRemoteSwiftPackageReference;
			repositoryURL = "https://github.com/ml-explore/mlx-swift";
			requirement = {
				kind = upToNextMajorVersion;
				minimumVersion = 0.31.3;
			};
		};
		D47DAD262F9B4EE500BCED7C /* XCRemoteSwiftPackageReference "mlx-swift-lm" */ = {
			isa = XCRemoteSwiftPackageReference;
			repositoryURL = "https://github.com/ml-explore/mlx-swift-lm";
			requirement = {
				kind = upToNextMajorVersion;
				minimumVersion = 3.31.3;
			};
		};
		D47DAD442F9B582500BCED7C /* XCRemoteSwiftPackageReference "swift-transformers" */ = {
			isa = XCRemoteSwiftPackageReference;
			repositoryURL = "https://github.com/huggingface/swift-transformers.git";
			requirement = {
				kind = upToNextMajorVersion;
				minimumVersion = 1.3.0;
			};
			traits = (
			);
		};
/* End XCRemoteSwiftPackageReference section */

/* Begin XCSwiftPackageProductDependency section */
		D47DAD282F9B519700BCED7C /* MLX */ = {
			isa = XCSwiftPackageProductDependency;
			package = D47DACED2F9B491D00BCED7C /* XCRemoteSwiftPackageReference "mlx-swift" */;
			productName = MLX;
		};
		D47DAD2A2F9B519700BCED7C /* MLXFast */ = {
			isa = XCSwiftPackageProductDependency;
			package = D47DACED2F9B491D00BCED7C /* XCRemoteSwiftPackageReference "mlx-swift" */;
			productName = MLXFast;
		};
		D47DAD2C2F9B519700BCED7C /* MLXFFT */ = {
			isa = XCSwiftPackageProductDependency;
			package = D47DACED2F9B491D00BCED7C /* XCRemoteSwiftPackageReference "mlx-swift" */;
			productName = MLXFFT;
		};
		D47DAD2E2F9B519700BCED7C /* MLXLinalg */ = {
			isa = XCSwiftPackageProductDependency;
			package = D47DACED2F9B491D00BCED7C /* XCRemoteSwiftPackageReference "mlx-swift" */;
			productName = MLXLinalg;
		};
		D47DAD302F9B519700BCED7C /* MLXNN */ = {
			isa = XCSwiftPackageProductDependency;
			package = D47DACED2F9B491D00BCED7C /* XCRemoteSwiftPackageReference "mlx-swift" */;
			productName = MLXNN;
		};
		D47DAD322F9B519700BCED7C /* MLXOptimizers */ = {
			isa = XCSwiftPackageProductDependency;
			package = D47DACED2F9B491D00BCED7C /* XCRemoteSwiftPackageReference "mlx-swift" */;
			productName = MLXOptimizers;
		};
		D47DAD342F9B519700BCED7C /* MLXRandom */ = {
			isa = XCSwiftPackageProductDependency;
			package = D47DACED2F9B491D00BCED7C /* XCRemoteSwiftPackageReference "mlx-swift" */;
			productName = MLXRandom;
		};
		D47DAD362F9B519700BCED7C /* BenchmarkHelpers */ = {
			isa = XCSwiftPackageProductDependency;
			package = D47DAD262F9B4EE500BCED7C /* XCRemoteSwiftPackageReference "mlx-swift-lm" */;
			productName = BenchmarkHelpers;
		};
		D47DAD382F9B519700BCED7C /* IntegrationTestHelpers */ = {
			isa = XCSwiftPackageProductDependency;
			package = D47DAD262F9B4EE500BCED7C /* XCRemoteSwiftPackageReference "mlx-swift-lm" */;
			productName = IntegrationTestHelpers;
		};
		D47DAD3A2F9B519700BCED7C /* MLXEmbedders */ = {
			isa = XCSwiftPackageProductDependency;
			package = D47DAD262F9B4EE500BCED7C /* XCRemoteSwiftPackageReference "mlx-swift-lm" */;
			productName = MLXEmbedders;
		};
		D47DAD3C2F9B519700BCED7C /* MLXHuggingFace */ = {
			isa = XCSwiftPackageProductDependency;
			package = D47DAD262F9B4EE500BCED7C /* XCRemoteSwiftPackageReference "mlx-swift-lm" */;
			productName = MLXHuggingFace;
		};
		D47DAD3E2F9B519700BCED7C /* MLXLLM */ = {
			isa = XCSwiftPackageProductDependency;
			package = D47DAD262F9B4EE500BCED7C /* XCRemoteSwiftPackageReference "mlx-swift-lm" */;
			productName = MLXLLM;
		};
		D47DAD402F9B519700BCED7C /* MLXLMCommon */ = {
			isa = XCSwiftPackageProductDependency;
			package = D47DAD262F9B4EE500BCED7C /* XCRemoteSwiftPackageReference "mlx-swift-lm" */;
			productName = MLXLMCommon;
		};
		D47DAD422F9B519700BCED7C /* MLXVLM */ = {
			isa = XCSwiftPackageProductDependency;
			package = D47DAD262F9B4EE500BCED7C /* XCRemoteSwiftPackageReference "mlx-swift-lm" */;
			productName = MLXVLM;
		};
		D47DAD452F9B582500BCED7C /* Hub */ = {
			isa = XCSwiftPackageProductDependency;
			package = D47DAD442F9B582500BCED7C /* XCRemoteSwiftPackageReference "swift-transformers" */;
			productName = Hub;
		};
		D47DAD472F9B582600BCED7C /* Tokenizers */ = {
			isa = XCSwiftPackageProductDependency;
			package = D47DAD442F9B582500BCED7C /* XCRemoteSwiftPackageReference "swift-transformers" */;
			productName = Tokenizers;
		};
		D47DAD492F9B582600BCED7C /* Transformers */ = {
			isa = XCSwiftPackageProductDependency;
			package = D47DAD442F9B582500BCED7C /* XCRemoteSwiftPackageReference "swift-transformers" */;
			productName = Transformers;
		};
/* End XCSwiftPackageProductDependency section */
	};
	rootObject = D47DAC662F9B452400BCED7C /* Project object */;
}
